// !$*UTF8*$!
{
	archiveVersion = 1;
	classes = {
	};
	objectVersion = 50;
	objects = {

/* Begin PBXBuildFile section */
		2760EC242217C2E800089D41 /* AppDelegate.swift in Sources */ = {isa = PBXBuildFile; fileRef = 2760EC232217C2E800089D41 /* AppDelegate.swift */; };
		2760EC262217C2E800089D41 /* ViewController.swift in Sources */ = {isa = PBXBuildFile; fileRef = 2760EC252217C2E800089D41 /* ViewController.swift */; };
		2760EC292217C2E800089D41 /* Main.storyboard in Resources */ = {isa = PBXBuildFile; fileRef = 2760EC272217C2E800089D41 /* Main.storyboard */; };
		2760EC2B2217C2E900089D41 /* Assets.xcassets in Resources */ = {isa = PBXBuildFile; fileRef = 2760EC2A2217C2E900089D41 /* Assets.xcassets */; };
		2760EC2E2217C2E900089D41 /* LaunchScreen.storyboard in Resources */ = {isa = PBXBuildFile; fileRef = 2760EC2C2217C2E900089D41 /* LaunchScreen.storyboard */; };
		2760EC392217C2E900089D41 /* Person_UITests.swift in Sources */ = {isa = PBXBuildFile; fileRef = 2760EC382217C2E900089D41 /* Person_UITests.swift */; };
		2760EC442217C2E900089D41 /* Person_UIUITests.swift in Sources */ = {isa = PBXBuildFile; fileRef = 2760EC432217C2E900089D41 /* Person_UIUITests.swift */; };
/* End PBXBuildFile section */

/* Begin PBXContainerItemProxy section */
		2760EC352217C2E900089D41 /* PBXContainerItemProxy */ = {
			isa = PBXContainerItemProxy;
			containerPortal = 2760EC182217C2E800089D41 /* Project object */;
			proxyType = 1;
			remoteGlobalIDString = 2760EC1F2217C2E800089D41;
			remoteInfo = "Person UI";
		};
		2760EC402217C2E900089D41 /* PBXContainerItemProxy */ = {
			isa = PBXContainerItemProxy;
			containerPortal = 2760EC182217C2E800089D41 /* Project object */;
			proxyType = 1;
			remoteGlobalIDString = 2760EC1F2217C2E800089D41;
			remoteInfo = "Person UI";
		};
/* End PBXContainerItemProxy section */

/* Begin PBXFileReference section */
		2760EC202217C2E800089D41 /* Person UI.app */ = {isa = PBXFileReference; explicitFileType = wrapper.application; includeInIndex = 0; path = "Person UI.app"; sourceTree = BUILT_PRODUCTS_DIR; };
		2760EC232217C2E800089D41 /* AppDelegate.swift */ = {isa = PBXFileReference; lastKnownFileType = sourcecode.swift; path = AppDelegate.swift; sourceTree = "<group>"; };
		2760EC252217C2E800089D41 /* ViewController.swift */ = {isa = PBXFileReference; lastKnownFileType = sourcecode.swift; path = ViewController.swift; sourceTree = "<group>"; };
		2760EC282217C2E800089D41 /* Base */ = {isa = PBXFileReference; lastKnownFileType = file.storyboard; name = Base; path = Base.lproj/Main.storyboard; sourceTree = "<group>"; };
		2760EC2A2217C2E900089D41 /* Assets.xcassets */ = {isa = PBXFileReference; lastKnownFileType = folder.assetcatalog; path = Assets.xcassets; sourceTree = "<group>"; };
		2760EC2D2217C2E900089D41 /* Base */ = {isa = PBXFileReference; lastKnownFileType = file.storyboard; name = Base; path = Base.lproj/LaunchScreen.storyboard; sourceTree = "<group>"; };
		2760EC2F2217C2E900089D41 /* Info.plist */ = {isa = PBXFileReference; lastKnownFileType = text.plist.xml; path = Info.plist; sourceTree = "<group>"; };
		2760EC342217C2E900089D41 /* Person UITests.xctest */ = {isa = PBXFileReference; explicitFileType = wrapper.cfbundle; includeInIndex = 0; path = "Person UITests.xctest"; sourceTree = BUILT_PRODUCTS_DIR; };
		2760EC382217C2E900089D41 /* Person_UITests.swift */ = {isa = PBXFileReference; lastKnownFileType = sourcecode.swift; path = Person_UITests.swift; sourceTree = "<group>"; };
		2760EC3A2217C2E900089D41 /* Info.plist */ = {isa = PBXFileReference; lastKnownFileType = text.plist.xml; path = Info.plist; sourceTree = "<group>"; };
		2760EC3F2217C2E900089D41 /* Person UIUITests.xctest */ = {isa = PBXFileReference; explicitFileType = wrapper.cfbundle; includeInIndex = 0; path = "Person UIUITests.xctest"; sourceTree = BUILT_PRODUCTS_DIR; };
		2760EC432217C2E900089D41 /* Person_UIUITests.swift */ = {isa = PBXFileReference; lastKnownFileType = sourcecode.swift; path = Person_UIUITests.swift; sourceTree = "<group>"; };
		2760EC452217C2E900089D41 /* Info.plist */ = {isa = PBXFileReference; lastKnownFileType = text.plist.xml; path = Info.plist; sourceTree = "<group>"; };
/* End PBXFileReference section */

/* Begin PBXFrameworksBuildPhase section */
		2760EC1D2217C2E800089D41 /* Frameworks */ = {
			isa = PBXFrameworksBuildPhase;
			buildActionMask = 2147483647;
			files = (
			);
			runOnlyForDeploymentPostprocessing = 0;
		};
		2760EC312217C2E900089D41 /* Frameworks */ = {
			isa = PBXFrameworksBuildPhase;
			buildActionMask = 2147483647;
			files = (
			);
			runOnlyForDeploymentPostprocessing = 0;
		};
		2760EC3C2217C2E900089D41 /* Frameworks */ = {
			isa = PBXFrameworksBuildPhase;
			buildActionMask = 2147483647;
			files = (
			);
			runOnlyForDeploymentPostprocessing = 0;
		};
/* End PBXFrameworksBuildPhase section */

/* Begin PBXGroup section */
		2760EC172217C2E800089D41 = {
			isa = PBXGroup;
			children = (
				2760EC222217C2E800089D41 /* Person UI */,
				2760EC372217C2E900089D41 /* Person UITests */,
				2760EC422217C2E900089D41 /* Person UIUITests */,
				2760EC212217C2E800089D41 /* Products */,
			);
			sourceTree = "<group>";
		};
		2760EC212217C2E800089D41 /* Products */ = {
			isa = PBXGroup;
			children = (
				2760EC202217C2E800089D41 /* Person UI.app */,
				2760EC342217C2E900089D41 /* Person UITests.xctest */,
				2760EC3F2217C2E900089D41 /* Person UIUITests.xctest */,
			);
			name = Products;
			sourceTree = "<group>";
		};
		2760EC222217C2E800089D41 /* Person UI */ = {
			isa = PBXGroup;
			children = (
				2760EC232217C2E800089D41 /* AppDelegate.swift */,
				2760EC252217C2E800089D41 /* ViewController.swift */,
				2760EC272217C2E800089D41 /* Main.storyboard */,
				2760EC2A2217C2E900089D41 /* Assets.xcassets */,
				2760EC2C2217C2E900089D41 /* LaunchScreen.storyboard */,
				2760EC2F2217C2E900089D41 /* Info.plist */,
			);
			path = "Person UI";
			sourceTree = "<group>";
		};
		2760EC372217C2E900089D41 /* Person UITests */ = {
			isa = PBXGroup;
			children = (
				2760EC382217C2E900089D41 /* Person_UITests.swift */,
				2760EC3A2217C2E900089D41 /* Info.plist */,
			);
			path = "Person UITests";
			sourceTree = "<group>";
		};
		2760EC422217C2E900089D41 /* Person UIUITests */ = {
			isa = PBXGroup;
			children = (
				2760EC432217C2E900089D41 /* Person_UIUITests.swift */,
				2760EC452217C2E900089D41 /* Info.plist */,
			);
			path = "Person UIUITests";
			sourceTree = "<group>";
		};
/* End PBXGroup section */

/* Begin PBXNativeTarget section */
		2760EC1F2217C2E800089D41 /* Person UI */ = {
			isa = PBXNativeTarget;
			buildConfigurationList = 2760EC482217C2E900089D41 /* Build configuration list for PBXNativeTarget "Person UI" */;
			buildPhases = (
				2760EC1C2217C2E800089D41 /* Sources */,
				2760EC1D2217C2E800089D41 /* Frameworks */,
				2760EC1E2217C2E800089D41 /* Resources */,
			);
			buildRules = (
			);
			dependencies = (
			);
			name = "Person UI";
			productName = "Person UI";
			productReference = 2760EC202217C2E800089D41 /* Person UI.app */;
			productType = "com.apple.product-type.application";
		};
		2760EC332217C2E900089D41 /* Person UITests */ = {
			isa = PBXNativeTarget;
			buildConfigurationList = 2760EC4B2217C2E900089D41 /* Build configuration list for PBXNativeTarget "Person UITests" */;
			buildPhases = (
				2760EC302217C2E900089D41 /* Sources */,
				2760EC312217C2E900089D41 /* Frameworks */,
				2760EC322217C2E900089D41 /* Resources */,
			);
			buildRules = (
			);
			dependencies = (
				2760EC362217C2E900089D41 /* PBXTargetDependency */,
			);
			name = "Person UITests";
			productName = "Person UITests";
			productReference = 2760EC342217C2E900089D41 /* Person UITests.xctest */;
			productType = "com.apple.product-type.bundle.unit-test";
		};
		2760EC3E2217C2E900089D41 /* Person UIUITests */ = {
			isa = PBXNativeTarget;
			buildConfigurationList = 2760EC4E2217C2E900089D41 /* Build configuration list for PBXNativeTarget "Person UIUITests" */;
			buildPhases = (
				2760EC3B2217C2E900089D41 /* Sources */,
				2760EC3C2217C2E900089D41 /* Frameworks */,
				2760EC3D2217C2E900089D41 /* Resources */,
			);
			buildRules = (
			);
			dependencies = (
				2760EC412217C2E900089D41 /* PBXTargetDependency */,
			);
			name = "Person UIUITests";
			productName = "Person UIUITests";
			productReference = 2760EC3F2217C2E900089D41 /* Person UIUITests.xctest */;
			productType = "com.apple.product-type.bundle.ui-testing";
		};
/* End PBXNativeTarget section */

/* Begin PBXProject section */
		2760EC182217C2E800089D41 /* Project object */ = {
			isa = PBXProject;
			attributes = {
				LastSwiftUpdateCheck = 1010;
				LastUpgradeCheck = 1010;
				ORGANIZATIONNAME = "Kolbe Weathington";
				TargetAttributes = {
					2760EC1F2217C2E800089D41 = {
						CreatedOnToolsVersion = 10.1;
					};
					2760EC332217C2E900089D41 = {
						CreatedOnToolsVersion = 10.1;
						TestTargetID = 2760EC1F2217C2E800089D41;
					};
					2760EC3E2217C2E900089D41 = {
						CreatedOnToolsVersion = 10.1;
						TestTargetID = 2760EC1F2217C2E800089D41;
					};
				};
			};
			buildConfigurationList = 2760EC1B2217C2E800089D41 /* Build configuration list for PBXProject "Person UI" */;
			compatibilityVersion = "Xcode 9.3";
			developmentRegion = en;
			hasScannedForEncodings = 0;
			knownRegions = (
				en,
				Base,
			);
			mainGroup = 2760EC172217C2E800089D41;
			productRefGroup = 2760EC212217C2E800089D41 /* Products */;
			projectDirPath = "";
			projectRoot = "";
			targets = (
				2760EC1F2217C2E800089D41 /* Person UI */,
				2760EC332217C2E900089D41 /* Person UITests */,
				2760EC3E2217C2E900089D41 /* Person UIUITests */,
			);
		};
/* End PBXProject section */

/* Begin PBXResourcesBuildPhase section */
		2760EC1E2217C2E800089D41 /* Resources */ = {
			isa = PBXResourcesBuildPhase;
			buildActionMask = 2147483647;
			files = (
				2760EC2E2217C2E900089D41 /* LaunchScreen.storyboard in Resources */,
				2760EC2B2217C2E900089D41 /* Assets.xcassets in Resources */,
				2760EC292217C2E800089D41 /* Main.storyboard in Resources */,
			);
			runOnlyForDeploymentPostprocessing = 0;
		};
		2760EC322217C2E900089D41 /* Resources */ = {
			isa = PBXResourcesBuildPhase;
			buildActionMask = 2147483647;
			files = (
			);
			runOnlyForDeploymentPostprocessing = 0;
		};
		2760EC3D2217C2E900089D41 /* Resources */ = {
			isa = PBXResourcesBuildPhase;
			buildActionMask = 2147483647;
			files = (
			);
			runOnlyForDeploymentPostprocessing = 0;
		};
/* End PBXResourcesBuildPhase section */

/* Begin PBXSourcesBuildPhase section */
		2760EC1C2217C2E800089D41 /* Sources */ = {
			isa = PBXSourcesBuildPhase;
			buildActionMask = 2147483647;
			files = (
				2760EC262217C2E800089D41 /* ViewController.swift in Sources */,
				2760EC242217C2E800089D41 /* AppDelegate.swift in Sources */,
			);
			runOnlyForDeploymentPostprocessing = 0;
		};
		2760EC302217C2E900089D41 /* Sources */ = {
			isa = PBXSourcesBuildPhase;
			buildActionMask = 2147483647;
			files = (
				2760EC392217C2E900089D41 /* Person_UITests.swift in Sources */,
			);
			runOnlyForDeploymentPostprocessing = 0;
		};
		2760EC3B2217C2E900089D41 /* Sources */ = {
			isa = PBXSourcesBuildPhase;
			buildActionMask = 2147483647;
			files = (
				2760EC442217C2E900089D41 /* Person_UIUITests.swift in Sources */,
			);
			runOnlyForDeploymentPostprocessing = 0;
		};
/* End PBXSourcesBuildPhase section */

/* Begin PBXTargetDependency section */
		2760EC362217C2E900089D41 /* PBXTargetDependency */ = {
			isa = PBXTargetDependency;
			target = 2760EC1F2217C2E800089D41 /* Person UI */;
			targetProxy = 2760EC352217C2E900089D41 /* PBXContainerItemProxy */;
		};
		2760EC412217C2E900089D41 /* PBXTargetDependency */ = {
			isa = PBXTargetDependency;
			target = 2760EC1F2217C2E800089D41 /* Person UI */;
			targetProxy = 2760EC402217C2E900089D41 /* PBXContainerItemProxy */;
		};
/* End PBXTargetDependency section */

/* Begin PBXVariantGroup section */
		2760EC272217C2E800089D41 /* Main.storyboard */ = {
			isa = PBXVariantGroup;
			children = (
				2760EC282217C2E800089D41 /* Base */,
			);
			name = Main.storyboard;
			sourceTree = "<group>";
		};
		2760EC2C2217C2E900089D41 /* LaunchScreen.storyboard */ = {
			isa = PBXVariantGroup;
			children = (
				2760EC2D2217C2E900089D41 /* Base */,
			);
			name = LaunchScreen.storyboard;
			sourceTree = "<group>";
		};
/* End PBXVariantGroup section */

/* Begin XCBuildConfiguration section */
		2760EC462217C2E900089D41 /* Debug */ = {
			isa = XCBuildConfiguration;
			buildSettings = {
				ALWAYS_SEARCH_USER_PATHS = NO;
				CLANG_ANALYZER_NONNULL = YES;
				CLANG_ANALYZER_NUMBER_OBJECT_CONVERSION = YES_AGGRESSIVE;
				CLANG_CXX_LANGUAGE_STANDARD = "gnu++14";
				CLANG_CXX_LIBRARY = "libc++";
				CLANG_ENABLE_MODULES = YES;
				CLANG_ENABLE_OBJC_ARC = YES;
				CLANG_ENABLE_OBJC_WEAK = YES;
				CLANG_WARN_BLOCK_CAPTURE_AUTORELEASING = YES;
				CLANG_WARN_BOOL_CONVERSION = YES;
				CLANG_WARN_COMMA = YES;
				CLANG_WARN_CONSTANT_CONVERSION = YES;
				CLANG_WARN_DEPRECATED_OBJC_IMPLEMENTATIONS = YES;
				CLANG_WARN_DIRECT_OBJC_ISA_USAGE = YES_ERROR;
				CLANG_WARN_DOCUMENTATION_COMMENTS = YES;
				CLANG_WARN_EMPTY_BODY = YES;
				CLANG_WARN_ENUM_CONVERSION = YES;
				CLANG_WARN_INFINITE_RECURSION = YES;
				CLANG_WARN_INT_CONVERSION = YES;
				CLANG_WARN_NON_LITERAL_NULL_CONVERSION = YES;
				CLANG_WARN_OBJC_IMPLICIT_RETAIN_SELF = YES;
				CLANG_WARN_OBJC_LITERAL_CONVERSION = YES;
				CLANG_WARN_OBJC_ROOT_CLASS = YES_ERROR;
				CLANG_WARN_RANGE_LOOP_ANALYSIS = YES;
				CLANG_WARN_STRICT_PROTOTYPES = YES;
				CLANG_WARN_SUSPICIOUS_MOVE = YES;
				CLANG_WARN_UNGUARDED_AVAILABILITY = YES_AGGRESSIVE;
				CLANG_WARN_UNREACHABLE_CODE = YES;
				CLANG_WARN__DUPLICATE_METHOD_MATCH = YES;
				CODE_SIGN_IDENTITY = "iPhone Developer";
				COPY_PHASE_STRIP = NO;
				DEBUG_INFORMATION_FORMAT = dwarf;
				ENABLE_STRICT_OBJC_MSGSEND = YES;
				ENABLE_TESTABILITY = YES;
				GCC_C_LANGUAGE_STANDARD = gnu11;
				GCC_DYNAMIC_NO_PIC = NO;
				GCC_NO_COMMON_BLOCKS = YES;
				GCC_OPTIMIZATION_LEVEL = 0;
				GCC_PREPROCESSOR_DEFINITIONS = (
					"DEBUG=1",
					"$(inherited)",
				);
				GCC_WARN_64_TO_32_BIT_CONVERSION = YES;
				GCC_WARN_ABOUT_RETURN_TYPE = YES_ERROR;
				GCC_WARN_UNDECLARED_SELECTOR = YES;
				GCC_WARN_UNINITIALIZED_AUTOS = YES_AGGRESSIVE;
				GCC_WARN_UNUSED_FUNCTION = YES;
				GCC_WARN_UNUSED_VARIABLE = YES;
				IPHONEOS_DEPLOYMENT_TARGET = 12.1;
				MTL_ENABLE_DEBUG_INFO = INCLUDE_SOURCE;
				MTL_FAST_MATH = YES;
				ONLY_ACTIVE_ARCH = YES;
				SDKROOT = iphoneos;
				SWIFT_ACTIVE_COMPILATION_CONDITIONS = DEBUG;
				SWIFT_OPTIMIZATION_LEVEL = "-Onone";
			};
			name = Debug;
		};
		2760EC472217C2E900089D41 /* Release */ = {
			isa = XCBuildConfiguration;
			buildSettings = {
				ALWAYS_SEARCH_USER_PATHS = NO;
				CLANG_ANALYZER_NONNULL = YES;
				CLANG_ANALYZER_NUMBER_OBJECT_CONVERSION = YES_AGGRESSIVE;
				CLANG_CXX_LANGUAGE_STANDARD = "gnu++14";
				CLANG_CXX_LIBRARY = "libc++";
				CLANG_ENABLE_MODULES = YES;
				CLANG_ENABLE_OBJC_ARC = YES;
				CLANG_ENABLE_OBJC_WEAK = YES;
				CLANG_WARN_BLOCK_CAPTURE_AUTORELEASING = YES;
				CLANG_WARN_BOOL_CONVERSION = YES;
				CLANG_WARN_COMMA = YES;
				CLANG_WARN_CONSTANT_CONVERSION = YES;
				CLANG_WARN_DEPRECATED_OBJC_IMPLEMENTATIONS = YES;
				CLANG_WARN_DIRECT_OBJC_ISA_USAGE = YES_ERROR;
				CLANG_WARN_DOCUMENTATION_COMMENTS = YES;
				CLANG_WARN_EMPTY_BODY = YES;
				CLANG_WARN_ENUM_CONVERSION = YES;
				CLANG_WARN_INFINITE_RECURSION = YES;
				CLANG_WARN_INT_CONVERSION = YES;
				CLANG_WARN_NON_LITERAL_NULL_CONVERSION = YES;
				CLANG_WARN_OBJC_IMPLICIT_RETAIN_SELF = YES;
				CLANG_WARN_OBJC_LITERAL_CONVERSION = YES;
				CLANG_WARN_OBJC_ROOT_CLASS = YES_ERROR;
				CLANG_WARN_RANGE_LOOP_ANALYSIS = YES;
				CLANG_WARN_STRICT_PROTOTYPES = YES;
				CLANG_WARN_SUSPICIOUS_MOVE = YES;
				CLANG_WARN_UNGUARDED_AVAILABILITY = YES_AGGRESSIVE;
				CLANG_WARN_UNREACHABLE_CODE = YES;
				CLANG_WARN__DUPLICATE_METHOD_MATCH = YES;
				CODE_SIGN_IDENTITY = "iPhone Developer";
				COPY_PHASE_STRIP = NO;
				DEBUG_INFORMATION_FORMAT = "dwarf-with-dsym";
				ENABLE_NS_ASSERTIONS = NO;
				ENABLE_STRICT_OBJC_MSGSEND = YES;
				GCC_C_LANGUAGE_STANDARD = gnu11;
				GCC_NO_COMMON_BLOCKS = YES;
				GCC_WARN_64_TO_32_BIT_CONVERSION = YES;
				GCC_WARN_ABOUT_RETURN_TYPE = YES_ERROR;
				GCC_WARN_UNDECLARED_SELECTOR = YES;
				GCC_WARN_UNINITIALIZED_AUTOS = YES_AGGRESSIVE;
				GCC_WARN_UNUSED_FUNCTION = YES;
				GCC_WARN_UNUSED_VARIABLE = YES;
				IPHONEOS_DEPLOYMENT_TARGET = 12.1;
				MTL_ENABLE_DEBUG_INFO = NO;
				MTL_FAST_MATH = YES;
				SDKROOT = iphoneos;
				SWIFT_COMPILATION_MODE = wholemodule;
				SWIFT_OPTIMIZATION_LEVEL = "-O";
				VALIDATE_PRODUCT = YES;
			};
			name = Release;
		};
		2760EC492217C2E900089D41 /* Debug */ = {
			isa = XCBuildConfiguration;
			buildSettings = {
				ASSETCATALOG_COMPILER_APPICON_NAME = AppIcon;
				CODE_SIGN_STYLE = Automatic;
				INFOPLIST_FILE = "Person UI/Info.plist";
				LD_RUNPATH_SEARCH_PATHS = (
					"$(inherited)",
					"@executable_path/Frameworks",
				);
				PRODUCT_BUNDLE_IDENTIFIER = "kswkw4.Person-UI";
				PRODUCT_NAME = "$(TARGET_NAME)";
				SWIFT_VERSION = 4.2;
				TARGETED_DEVICE_FAMILY = "1,2";
			};
			name = Debug;
		};
		2760EC4A2217C2E900089D41 /* Release */ = {
			isa = XCBuildConfiguration;
			buildSettings = {
				ASSETCATALOG_COMPILER_APPICON_NAME = AppIcon;
				CODE_SIGN_STYLE = Automatic;
				INFOPLIST_FILE = "Person UI/Info.plist";
				LD_RUNPATH_SEARCH_PATHS = (
					"$(inherited)",
					"@executable_path/Frameworks",
				);
				PRODUCT_BUNDLE_IDENTIFIER = "kswkw4.Person-UI";
				PRODUCT_NAME = "$(TARGET_NAME)";
				SWIFT_VERSION = 4.2;
				TARGETED_DEVICE_FAMILY = "1,2";
			};
			name = Release;
		};
		2760EC4C2217C2E900089D41 /* Debug */ = {
			isa = XCBuildConfiguration;
			buildSettings = {
				ALWAYS_EMBED_SWIFT_STANDARD_LIBRARIES = YES;
				BUNDLE_LOADER = "$(TEST_HOST)";
				CODE_SIGN_STYLE = Automatic;
				INFOPLIST_FILE = "Person UITests/Info.plist";
				LD_RUNPATH_SEARCH_PATHS = (
					"$(inherited)",
					"@executable_path/Frameworks",
					"@loader_path/Frameworks",
				);
				PRODUCT_BUNDLE_IDENTIFIER = "kswkw4.Person-UITests";
				PRODUCT_NAME = "$(TARGET_NAME)";
				SWIFT_VERSION = 4.2;
				TARGETED_DEVICE_FAMILY = "1,2";
				TEST_HOST = "$(BUILT_PRODUCTS_DIR)/Person UI.app/Person UI";
			};
			name = Debug;
		};
		2760EC4D2217C2E900089D41 /* Release */ = {
			isa = XCBuildConfiguration;
			buildSettings = {
				ALWAYS_EMBED_SWIFT_STANDARD_LIBRARIES = YES;
				BUNDLE_LOADER = "$(TEST_HOST)";
				CODE_SIGN_STYLE = Automatic;
				INFOPLIST_FILE = "Person UITests/Info.plist";
				LD_RUNPATH_SEARCH_PATHS = (
					"$(inherited)",
					"@executable_path/Frameworks",
					"@loader_path/Frameworks",
				);
				PRODUCT_BUNDLE_IDENTIFIER = "kswkw4.Person-UITests";
				PRODUCT_NAME = "$(TARGET_NAME)";
				SWIFT_VERSION = 4.2;
				TARGETED_DEVICE_FAMILY = "1,2";
				TEST_HOST = "$(BUILT_PRODUCTS_DIR)/Person UI.app/Person UI";
			};
			name = Release;
		};
		2760EC4F2217C2E900089D41 /* Debug */ = {
			isa = XCBuildConfiguration;
			buildSettings = {
				ALWAYS_EMBED_SWIFT_STANDARD_LIBRARIES = YES;
				CODE_SIGN_STYLE = Automatic;
				INFOPLIST_FILE = "Person UIUITests/Info.plist";
				LD_RUNPATH_SEARCH_PATHS = (
					"$(inherited)",
					"@executable_path/Frameworks",
					"@loader_path/Frameworks",
				);
				PRODUCT_BUNDLE_IDENTIFIER = "kswkw4.Person-UIUITests";
				PRODUCT_NAME = "$(TARGET_NAME)";
				SWIFT_VERSION = 4.2;
				TARGETED_DEVICE_FAMILY = "1,2";
				TEST_TARGET_NAME = "Person UI";
			};
			name = Debug;
		};
		2760EC502217C2E900089D41 /* Release */ = {
			isa = XCBuildConfiguration;
			buildSettings = {
				ALWAYS_EMBED_SWIFT_STANDARD_LIBRARIES = YES;
				CODE_SIGN_STYLE = Automatic;
				INFOPLIST_FILE = "Person UIUITests/Info.plist";
				LD_RUNPATH_SEARCH_PATHS = (
					"$(inherited)",
					"@executable_path/Frameworks",
					"@loader_path/Frameworks",
				);
				PRODUCT_BUNDLE_IDENTIFIER = "kswkw4.Person-UIUITests";
				PRODUCT_NAME = "$(TARGET_NAME)";
				SWIFT_VERSION = 4.2;
				TARGETED_DEVICE_FAMILY = "1,2";
				TEST_TARGET_NAME = "Person UI";
			};
			name = Release;
		};
/* End XCBuildConfiguration section */

/* Begin XCConfigurationList section */
		2760EC1B2217C2E800089D41 /* Build configuration list for PBXProject "Person UI" */ = {
			isa = XCConfigurationList;
			buildConfigurations = (
				2760EC462217C2E900089D41 /* Debug */,
				2760EC472217C2E900089D41 /* Release */,
			);
			defaultConfigurationIsVisible = 0;
			defaultConfigurationName = Release;
		};
		2760EC482217C2E900089D41 /* Build configuration list for PBXNativeTarget "Person UI" */ = {
			isa = XCConfigurationList;
			buildConfigurations = (
				2760EC492217C2E900089D41 /* Debug */,
				2760EC4A2217C2E900089D41 /* Release */,
			);
			defaultConfigurationIsVisible = 0;
			defaultConfigurationName = Release;
		};
		2760EC4B2217C2E900089D41 /* Build configuration list for PBXNativeTarget "Person UITests" */ = {
			isa = XCConfigurationList;
			buildConfigurations = (
				2760EC4C2217C2E900089D41 /* Debug */,
				2760EC4D2217C2E900089D41 /* Release */,
			);
			defaultConfigurationIsVisible = 0;
			defaultConfigurationName = Release;
		};
		2760EC4E2217C2E900089D41 /* Build configuration list for PBXNativeTarget "Person UIUITests" */ = {
			isa = XCConfigurationList;
			buildConfigurations = (
				2760EC4F2217C2E900089D41 /* Debug */,
				2760EC502217C2E900089D41 /* Release */,
			);
			defaultConfigurationIsVisible = 0;
			defaultConfigurationName = Release;
		};
/* End XCConfigurationList section */
	};
	rootObject = 2760EC182217C2E800089D41 /* Project object */;
}
